{
  "version": 4,
  "terraform_version": "1.2.3",
  "serial": 29,
  "lineage": "f65157f2-abb5-0b9e-5f38-3b95b3fa5265",
  "outputs": {
    "Wazuh-Dashboard": {
      "value": "wazuh-test-Wazuh-Dashboard",
      "type": "string"
    },
    "Wazuh-Indexer": {
      "value": "wazuh-test-Wazuh-Indexer",
      "type": "string"
    },
    "Wazuh-Server": {
      "value": "wazuh-test-Wazuh-Server",
      "type": "string"
    },
    "vm-external-ip3": {
      "value": "35.244.19.194",
      "type": "string"
    },
    "vm-internal-ip": {
      "value": "10.10.1.4",
      "type": "string"
    },
    "vm-internal-ip2": {
      "value": "10.10.1.2",
      "type": "string"
    },
    "vm-internal-ip3": {
      "value": "10.10.1.3",
      "type": "string"
    }
  },
  "resources": [
    {
      "mode": "managed",
      "type": "google_compute_firewall",
      "name": "agent-connection",
      "provider": "provider[\"registry.terraform.io/hashicorp/google\"]",
      "instances": [
        {
          "schema_version": 1,
          "attributes": {
            "allow": [
              {
                "ports": [
                  "1514"
                ],
                "protocol": "tcp"
              }
            ],
            "creation_timestamp": "2022-08-18T22:49:31.543-07:00",
            "deny": [],
            "description": "",
            "destination_ranges": [],
            "direction": "INGRESS",
            "disabled": false,
            "enable_logging": null,
            "id": "projects/wazuhstepup/global/firewalls/wazuh-test-fw-allow-agent-connection",
            "log_config": [],
            "name": "wazuh-test-fw-allow-agent-connection",
            "network": "https://www.googleapis.com/compute/v1/projects/wazuhstepup/global/networks/wazuh-test-vpc",
            "priority": 1000,
            "project": "wazuhstepup",
            "self_link": "https://www.googleapis.com/compute/v1/projects/wazuhstepup/global/firewalls/wazuh-test-fw-allow-agent-connection",
            "source_ranges": [
              "10.10.1.0/24"
            ],
            "source_service_accounts": null,
            "source_tags": null,
            "target_service_accounts": null,
            "target_tags": [
              "agent-connection"
            ],
            "timeouts": null
          },
          "sensitive_attributes": [],
          "private": "eyJlMmJmYjczMC1lY2FhLTExZTYtOGY4OC0zNDM2M2JjN2M0YzAiOnsiY3JlYXRlIjoxMjAwMDAwMDAwMDAwLCJkZWxldGUiOjEyMDAwMDAwMDAwMDAsInVwZGF0ZSI6MTIwMDAwMDAwMDAwMH0sInNjaGVtYV92ZXJzaW9uIjoiMSJ9",
          "dependencies": [
            "google_compute_network.vpc"
          ]
        }
      ]
    },
    {
      "mode": "managed",
      "type": "google_compute_firewall",
      "name": "agent-enrolment",
      "provider": "provider[\"registry.terraform.io/hashicorp/google\"]",
      "instances": [
        {
          "schema_version": 1,
          "attributes": {
            "allow": [
              {
                "ports": [
                  "1515"
                ],
                "protocol": "tcp"
              }
            ],
            "creation_timestamp": "2022-08-18T22:49:43.388-07:00",
            "deny": [],
            "description": "",
            "destination_ranges": [],
            "direction": "INGRESS",
            "disabled": false,
            "enable_logging": null,
            "id": "projects/wazuhstepup/global/firewalls/wazuh-test-fw-allow-agent-enrolment",
            "log_config": [],
            "name": "wazuh-test-fw-allow-agent-enrolment",
            "network": "https://www.googleapis.com/compute/v1/projects/wazuhstepup/global/networks/wazuh-test-vpc",
            "priority": 1000,
            "project": "wazuhstepup",
            "self_link": "https://www.googleapis.com/compute/v1/projects/wazuhstepup/global/firewalls/wazuh-test-fw-allow-agent-enrolment",
            "source_ranges": [
              "10.10.1.0/24"
            ],
            "source_service_accounts": null,
            "source_tags": null,
            "target_service_accounts": null,
            "target_tags": [
              "agent-enrolment"
            ],
            "timeouts": null
          },
          "sensitive_attributes": [],
          "private": "eyJlMmJmYjczMC1lY2FhLTExZTYtOGY4OC0zNDM2M2JjN2M0YzAiOnsiY3JlYXRlIjoxMjAwMDAwMDAwMDAwLCJkZWxldGUiOjEyMDAwMDAwMDAwMDAsInVwZGF0ZSI6MTIwMDAwMDAwMDAwMH0sInNjaGVtYV92ZXJzaW9uIjoiMSJ9",
          "dependencies": [
            "google_compute_network.vpc"
          ]
        }
      ]
    },
    {
      "mode": "managed",
      "type": "google_compute_firewall",
      "name": "allow-cluster-communication",
      "provider": "provider[\"registry.terraform.io/hashicorp/google\"]",
      "instances": [
        {
          "schema_version": 1,
          "attributes": {
            "allow": [
              {
                "ports": [
                  "9300-9400"
                ],
                "protocol": "tcp"
              }
            ],
            "creation_timestamp": "2022-08-18T22:49:43.754-07:00",
            "deny": [],
            "description": "",
            "destination_ranges": [],
            "direction": "INGRESS",
            "disabled": false,
            "enable_logging": null,
            "id": "projects/wazuhstepup/global/firewalls/wazuh-test-fw-allow-cluster-communication",
            "log_config": [],
            "name": "wazuh-test-fw-allow-cluster-communication",
            "network": "https://www.googleapis.com/compute/v1/projects/wazuhstepup/global/networks/wazuh-test-vpc",
            "priority": 1000,
            "project": "wazuhstepup",
            "self_link": "https://www.googleapis.com/compute/v1/projects/wazuhstepup/global/firewalls/wazuh-test-fw-allow-cluster-communication",
            "source_ranges": [
              "10.10.1.0/24"
            ],
            "source_service_accounts": null,
            "source_tags": null,
            "target_service_accounts": null,
            "target_tags": [
              "cluster-communication"
            ],
            "timeouts": null
          },
          "sensitive_attributes": [],
          "private": "eyJlMmJmYjczMC1lY2FhLTExZTYtOGY4OC0zNDM2M2JjN2M0YzAiOnsiY3JlYXRlIjoxMjAwMDAwMDAwMDAwLCJkZWxldGUiOjEyMDAwMDAwMDAwMDAsInVwZGF0ZSI6MTIwMDAwMDAwMDAwMH0sInNjaGVtYV92ZXJzaW9uIjoiMSJ9",
          "dependencies": [
            "google_compute_network.vpc"
          ]
        }
      ]
    },
    {
      "mode": "managed",
      "type": "google_compute_firewall",
      "name": "allow-https",
      "provider": "provider[\"registry.terraform.io/hashicorp/google\"]",
      "instances": [
        {
          "schema_version": 1,
          "attributes": {
            "allow": [
              {
                "ports": [
                  "443"
                ],
                "protocol": "tcp"
              }
            ],
            "creation_timestamp": "2022-08-18T22:36:14.486-07:00",
            "deny": [],
            "description": "",
            "destination_ranges": [],
            "direction": "INGRESS",
            "disabled": false,
            "enable_logging": null,
            "id": "projects/wazuhstepup/global/firewalls/wazuh-test-fw-allow-https",
            "log_config": [],
            "name": "wazuh-test-fw-allow-https",
            "network": "https://www.googleapis.com/compute/v1/projects/wazuhstepup/global/networks/wazuh-test-vpc",
            "priority": 1000,
            "project": "wazuhstepup",
            "self_link": "https://www.googleapis.com/compute/v1/projects/wazuhstepup/global/firewalls/wazuh-test-fw-allow-https",
            "source_ranges": [],
            "source_service_accounts": [],
            "source_tags": [],
            "target_service_accounts": [],
            "target_tags": [
              "https"
            ],
            "timeouts": null
          },
          "sensitive_attributes": [],
          "private": "eyJlMmJmYjczMC1lY2FhLTExZTYtOGY4OC0zNDM2M2JjN2M0YzAiOnsiY3JlYXRlIjoxMjAwMDAwMDAwMDAwLCJkZWxldGUiOjEyMDAwMDAwMDAwMDAsInVwZGF0ZSI6MTIwMDAwMDAwMDAwMH0sInNjaGVtYV92ZXJzaW9uIjoiMSJ9",
          "dependencies": [
            "google_compute_network.vpc"
          ]
        }
      ]
    },
    {
      "mode": "managed",
      "type": "google_compute_firewall",
      "name": "allow-internal",
      "provider": "provider[\"registry.terraform.io/hashicorp/google\"]",
      "instances": [
        {
          "schema_version": 1,
          "attributes": {
            "allow": [
              {
                "ports": [
                  "0-65535"
                ],
                "protocol": "tcp"
              },
              {
                "ports": [
                  "0-65535"
                ],
                "protocol": "udp"
              },
              {
                "ports": [],
                "protocol": "icmp"
              }
            ],
            "creation_timestamp": "2022-08-18T22:36:14.492-07:00",
            "deny": [],
            "description": "",
            "destination_ranges": [],
            "direction": "INGRESS",
            "disabled": false,
            "enable_logging": null,
            "id": "projects/wazuhstepup/global/firewalls/wazuh-test-fw-allow-internal",
            "log_config": [],
            "name": "wazuh-test-fw-allow-internal",
            "network": "https://www.googleapis.com/compute/v1/projects/wazuhstepup/global/networks/wazuh-test-vpc",
            "priority": 1000,
            "project": "wazuhstepup",
            "self_link": "https://www.googleapis.com/compute/v1/projects/wazuhstepup/global/firewalls/wazuh-test-fw-allow-internal",
            "source_ranges": [
              "10.10.1.0/24"
            ],
            "source_service_accounts": [],
            "source_tags": [],
            "target_service_accounts": [],
            "target_tags": [],
            "timeouts": null
          },
          "sensitive_attributes": [],
          "private": "eyJlMmJmYjczMC1lY2FhLTExZTYtOGY4OC0zNDM2M2JjN2M0YzAiOnsiY3JlYXRlIjoxMjAwMDAwMDAwMDAwLCJkZWxldGUiOjEyMDAwMDAwMDAwMDAsInVwZGF0ZSI6MTIwMDAwMDAwMDAwMH0sInNjaGVtYV92ZXJzaW9uIjoiMSJ9",
          "dependencies": [
            "google_compute_network.vpc"
          ]
        }
      ]
    },
    {
      "mode": "managed",
      "type": "google_compute_firewall",
      "name": "allow-rest-api",
      "provider": "provider[\"registry.terraform.io/hashicorp/google\"]",
      "instances": [
        {
          "schema_version": 1,
          "attributes": {
            "allow": [
              {
                "ports": [
                  "9200"
                ],
                "protocol": "tcp"
              }
            ],
            "creation_timestamp": "2022-08-18T22:49:31.496-07:00",
            "deny": [],
            "description": "",
            "destination_ranges": [],
            "direction": "INGRESS",
            "disabled": false,
            "enable_logging": null,
            "id": "projects/wazuhstepup/global/firewalls/wazuh-test-fw-allow-rest-api",
            "log_config": [],
            "name": "wazuh-test-fw-allow-rest-api",
            "network": "https://www.googleapis.com/compute/v1/projects/wazuhstepup/global/networks/wazuh-test-vpc",
            "priority": 1000,
            "project": "wazuhstepup",
            "self_link": "https://www.googleapis.com/compute/v1/projects/wazuhstepup/global/firewalls/wazuh-test-fw-allow-rest-api",
            "source_ranges": [
              "10.10.1.0/24"
            ],
            "source_service_accounts": null,
            "source_tags": null,
            "target_service_accounts": null,
            "target_tags": [
              "rest-api"
            ],
            "timeouts": null
          },
          "sensitive_attributes": [],
          "private": "eyJlMmJmYjczMC1lY2FhLTExZTYtOGY4OC0zNDM2M2JjN2M0YzAiOnsiY3JlYXRlIjoxMjAwMDAwMDAwMDAwLCJkZWxldGUiOjEyMDAwMDAwMDAwMDAsInVwZGF0ZSI6MTIwMDAwMDAwMDAwMH0sInNjaGVtYV92ZXJzaW9uIjoiMSJ9",
          "dependencies": [
            "google_compute_network.vpc"
          ]
        }
      ]
    },
    {
      "mode": "managed",
      "type": "google_compute_firewall",
      "name": "allow-ssh",
      "provider": "provider[\"registry.terraform.io/hashicorp/google\"]",
      "instances": [
        {
          "schema_version": 1,
          "attributes": {
            "allow": [
              {
                "ports": [
                  "22"
                ],
                "protocol": "tcp"
              }
            ],
            "creation_timestamp": "2022-08-18T22:36:14.516-07:00",
            "deny": [],
            "description": "",
            "destination_ranges": [],
            "direction": "INGRESS",
            "disabled": false,
            "enable_logging": null,
            "id": "projects/wazuhstepup/global/firewalls/wazuh-test-fw-allow-ssh",
            "log_config": [],
            "name": "wazuh-test-fw-allow-ssh",
            "network": "https://www.googleapis.com/compute/v1/projects/wazuhstepup/global/networks/wazuh-test-vpc",
            "priority": 1000,
            "project": "wazuhstepup",
            "self_link": "https://www.googleapis.com/compute/v1/projects/wazuhstepup/global/firewalls/wazuh-test-fw-allow-ssh",
            "source_ranges": [],
            "source_service_accounts": [],
            "source_tags": [],
            "target_service_accounts": [],
            "target_tags": [
              "ssh"
            ],
            "timeouts": null
          },
          "sensitive_attributes": [],
          "private": "eyJlMmJmYjczMC1lY2FhLTExZTYtOGY4OC0zNDM2M2JjN2M0YzAiOnsiY3JlYXRlIjoxMjAwMDAwMDAwMDAwLCJkZWxldGUiOjEyMDAwMDAwMDAwMDAsInVwZGF0ZSI6MTIwMDAwMDAwMDAwMH0sInNjaGVtYV92ZXJzaW9uIjoiMSJ9",
          "dependencies": [
            "google_compute_network.vpc"
          ]
        }
      ]
    },
    {
      "mode": "managed",
      "type": "google_compute_firewall",
      "name": "allow-ssh-internal",
      "provider": "provider[\"registry.terraform.io/hashicorp/google\"]",
      "instances": [
        {
          "schema_version": 1,
          "attributes": {
            "allow": [
              {
                "ports": [
                  "22"
                ],
                "protocol": "tcp"
              }
            ],
            "creation_timestamp": "2022-08-18T22:49:43.491-07:00",
            "deny": [],
            "description": "",
            "destination_ranges": [],
            "direction": "INGRESS",
            "disabled": false,
            "enable_logging": null,
            "id": "projects/wazuhstepup/global/firewalls/wazuh-test-fw-allow-ssh-internal",
            "log_config": [],
            "name": "wazuh-test-fw-allow-ssh-internal",
            "network": "https://www.googleapis.com/compute/v1/projects/wazuhstepup/global/networks/wazuh-test-vpc",
            "priority": 1000,
            "project": "wazuhstepup",
            "self_link": "https://www.googleapis.com/compute/v1/projects/wazuhstepup/global/firewalls/wazuh-test-fw-allow-ssh-internal",
            "source_ranges": [
              "10.10.1.0/24"
            ],
            "source_service_accounts": null,
            "source_tags": null,
            "target_service_accounts": null,
            "target_tags": [
              "ssh-internal"
            ],
            "timeouts": null
          },
          "sensitive_attributes": [],
          "private": "eyJlMmJmYjczMC1lY2FhLTExZTYtOGY4OC0zNDM2M2JjN2M0YzAiOnsiY3JlYXRlIjoxMjAwMDAwMDAwMDAwLCJkZWxldGUiOjEyMDAwMDAwMDAwMDAsInVwZGF0ZSI6MTIwMDAwMDAwMDAwMH0sInNjaGVtYV92ZXJzaW9uIjoiMSJ9",
          "dependencies": [
            "google_compute_network.vpc"
          ]
        }
      ]
    },
    {
      "mode": "managed",
      "type": "google_compute_firewall",
      "name": "cluster-daemon",
      "provider": "provider[\"registry.terraform.io/hashicorp/google\"]",
      "instances": [
        {
          "schema_version": 1,
          "attributes": {
            "allow": [
              {
                "ports": [
                  "1516"
                ],
                "protocol": "tcp"
              }
            ],
            "creation_timestamp": "2022-08-18T22:49:31.464-07:00",
            "deny": [],
            "description": "",
            "destination_ranges": [],
            "direction": "INGRESS",
            "disabled": false,
            "enable_logging": null,
            "id": "projects/wazuhstepup/global/firewalls/wazuh-test-fw-allow-cluster-daemon",
            "log_config": [],
            "name": "wazuh-test-fw-allow-cluster-daemon",
            "network": "https://www.googleapis.com/compute/v1/projects/wazuhstepup/global/networks/wazuh-test-vpc",
            "priority": 1000,
            "project": "wazuhstepup",
            "self_link": "https://www.googleapis.com/compute/v1/projects/wazuhstepup/global/firewalls/wazuh-test-fw-allow-cluster-daemon",
            "source_ranges": [
              "10.10.1.0/24"
            ],
            "source_service_accounts": null,
            "source_tags": null,
            "target_service_accounts": null,
            "target_tags": [
              "cluster-daemon"
            ],
            "timeouts": null
          },
          "sensitive_attributes": [],
          "private": "eyJlMmJmYjczMC1lY2FhLTExZTYtOGY4OC0zNDM2M2JjN2M0YzAiOnsiY3JlYXRlIjoxMjAwMDAwMDAwMDAwLCJkZWxldGUiOjEyMDAwMDAwMDAwMDAsInVwZGF0ZSI6MTIwMDAwMDAwMDAwMH0sInNjaGVtYV92ZXJzaW9uIjoiMSJ9",
          "dependencies": [
            "google_compute_network.vpc"
          ]
        }
      ]
    },
    {
      "mode": "managed",
      "type": "google_compute_firewall",
      "name": "server-restful-api",
      "provider": "provider[\"registry.terraform.io/hashicorp/google\"]",
      "instances": [
        {
          "schema_version": 1,
          "attributes": {
            "allow": [
              {
                "ports": [
                  "55000"
                ],
                "protocol": "tcp"
              }
            ],
            "creation_timestamp": "2022-08-18T22:49:31.351-07:00",
            "deny": [],
            "description": "",
            "destination_ranges": [],
            "direction": "INGRESS",
            "disabled": false,
            "enable_logging": null,
            "id": "projects/wazuhstepup/global/firewalls/wazuh-test-fw-allow-server-restfull-api",
            "log_config": [],
            "name": "wazuh-test-fw-allow-server-restfull-api",
            "network": "https://www.googleapis.com/compute/v1/projects/wazuhstepup/global/networks/wazuh-test-vpc",
            "priority": 1000,
            "project": "wazuhstepup",
            "self_link": "https://www.googleapis.com/compute/v1/projects/wazuhstepup/global/firewalls/wazuh-test-fw-allow-server-restfull-api",
            "source_ranges": [
              "10.10.1.0/24"
            ],
            "source_service_accounts": null,
            "source_tags": null,
            "target_service_accounts": null,
            "target_tags": [
              "server-restfull-api"
            ],
            "timeouts": null
          },
          "sensitive_attributes": [],
          "private": "eyJlMmJmYjczMC1lY2FhLTExZTYtOGY4OC0zNDM2M2JjN2M0YzAiOnsiY3JlYXRlIjoxMjAwMDAwMDAwMDAwLCJkZWxldGUiOjEyMDAwMDAwMDAwMDAsInVwZGF0ZSI6MTIwMDAwMDAwMDAwMH0sInNjaGVtYV92ZXJzaW9uIjoiMSJ9",
          "dependencies": [
            "google_compute_network.vpc"
          ]
        }
      ]
    },
    {
      "mode": "managed",
      "type": "google_compute_firewall",
      "name": "syslog-collector",
      "provider": "provider[\"registry.terraform.io/hashicorp/google\"]",
      "instances": [
        {
          "schema_version": 1,
          "attributes": {
            "allow": [
              {
                "ports": [
                  "514"
                ],
                "protocol": "tcp"
              },
              {
                "ports": [
                  "514"
                ],
                "protocol": "udp"
              }
            ],
            "creation_timestamp": "2022-08-18T22:49:35.375-07:00",
            "deny": [],
            "description": "",
            "destination_ranges": [],
            "direction": "INGRESS",
            "disabled": false,
            "enable_logging": null,
            "id": "projects/wazuhstepup/global/firewalls/wazuh-test-fw-allow-syslog-collector",
            "log_config": [],
            "name": "wazuh-test-fw-allow-syslog-collector",
            "network": "https://www.googleapis.com/compute/v1/projects/wazuhstepup/global/networks/wazuh-test-vpc",
            "priority": 1000,
            "project": "wazuhstepup",
            "self_link": "https://www.googleapis.com/compute/v1/projects/wazuhstepup/global/firewalls/wazuh-test-fw-allow-syslog-collector",
            "source_ranges": [
              "10.10.1.0/24"
            ],
            "source_service_accounts": null,
            "source_tags": null,
            "target_service_accounts": null,
            "target_tags": [
              "syslog-collector"
            ],
            "timeouts": null
          },
          "sensitive_attributes": [],
          "private": "eyJlMmJmYjczMC1lY2FhLTExZTYtOGY4OC0zNDM2M2JjN2M0YzAiOnsiY3JlYXRlIjoxMjAwMDAwMDAwMDAwLCJkZWxldGUiOjEyMDAwMDAwMDAwMDAsInVwZGF0ZSI6MTIwMDAwMDAwMDAwMH0sInNjaGVtYV92ZXJzaW9uIjoiMSJ9",
          "dependencies": [
            "google_compute_network.vpc"
          ]
        }
      ]
    },
    {
      "mode": "managed",
      "type": "google_compute_network",
      "name": "vpc",
      "provider": "provider[\"registry.terraform.io/hashicorp/google\"]",
      "instances": [
        {
          "schema_version": 0,
          "attributes": {
            "auto_create_subnetworks": false,
            "delete_default_routes_on_create": false,
            "description": "",
            "enable_ula_internal_ipv6": false,
            "gateway_ipv4": "",
            "id": "projects/wazuhstepup/global/networks/wazuh-test-vpc",
            "internal_ipv6_range": "",
            "mtu": 0,
            "name": "wazuh-test-vpc",
            "project": "wazuhstepup",
            "routing_mode": "GLOBAL",
            "self_link": "https://www.googleapis.com/compute/v1/projects/wazuhstepup/global/networks/wazuh-test-vpc",
            "timeouts": null
          },
          "sensitive_attributes": [],
          "private": "eyJlMmJmYjczMC1lY2FhLTExZTYtOGY4OC0zNDM2M2JjN2M0YzAiOnsiY3JlYXRlIjoxMjAwMDAwMDAwMDAwLCJkZWxldGUiOjEyMDAwMDAwMDAwMDAsInVwZGF0ZSI6MTIwMDAwMDAwMDAwMH19"
        }
      ]
    },
    {
      "mode": "managed",
      "type": "google_compute_subnetwork",
      "name": "public_subnet_1",
      "provider": "provider[\"registry.terraform.io/hashicorp/google\"]",
      "instances": [
        {
          "schema_version": 0,
          "attributes": {
            "creation_timestamp": "2022-08-18T22:36:17.410-07:00",
            "description": "",
            "external_ipv6_prefix": "",
            "fingerprint": null,
            "gateway_address": "10.10.1.1",
            "id": "projects/wazuhstepup/regions/asia-south1/subnetworks/wazuh-test-public-subnet-1",
            "ip_cidr_range": "10.10.1.0/24",
            "ipv6_access_type": "",
            "ipv6_cidr_range": "",
            "log_config": [],
            "name": "wazuh-test-public-subnet-1",
            "network": "https://www.googleapis.com/compute/v1/projects/wazuhstepup/global/networks/wazuh-test-vpc",
            "private_ip_google_access": false,
            "private_ipv6_google_access": "DISABLE_GOOGLE_ACCESS",
            "project": "wazuhstepup",
            "purpose": "PRIVATE",
            "region": "asia-south1",
            "role": "",
            "secondary_ip_range": [],
            "self_link": "https://www.googleapis.com/compute/v1/projects/wazuhstepup/regions/asia-south1/subnetworks/wazuh-test-public-subnet-1",
            "stack_type": "IPV4_ONLY",
            "timeouts": null
          },
          "sensitive_attributes": [],
          "private": "eyJlMmJmYjczMC1lY2FhLTExZTYtOGY4OC0zNDM2M2JjN2M0YzAiOnsiY3JlYXRlIjoxMjAwMDAwMDAwMDAwLCJkZWxldGUiOjEyMDAwMDAwMDAwMDAsInVwZGF0ZSI6MTIwMDAwMDAwMDAwMH19",
          "dependencies": [
            "google_compute_network.vpc"
          ]
        }
      ]
    },
    {
      "mode": "managed",
      "type": "random_id",
      "name": "instance_id",
      "provider": "provider[\"registry.terraform.io/hashicorp/random\"]",
      "instances": [
        {
          "schema_version": 0,
          "attributes": {
            "b64_std": "71gmUg==",
            "b64_url": "71gmUg",
            "byte_length": 4,
            "dec": "4015531602",
            "hex": "ef582652",
            "id": "71gmUg",
            "keepers": null,
            "prefix": null
          },
          "sensitive_attributes": [],
          "private": "bnVsbA=="
        }
      ]
    }
  ]
}
